
Microsoft Visual Studio Solution File, Format Version 12.00
# Visual Studio Version 17
VisualStudioVersion = 17.0.31903.59
MinimumVisualStudioVersion = 10.0.40219.1
Project("{FAE04EC0-301F-11D3-BF4B-00C04F79EFBC}") = "Inzynierka", "Inzynierka\Inzynierka.csproj", "{7FBB6557-D313-442F-AFD0-212BE96F0F89}"
EndProject
Global
	GlobalSection(SolutionConfigurationPlatforms) = preSolution
		Debug|Any CPU = Debug|Any CPU
		Release|Any CPU = Release|Any CPU
	EndGlobalSection
	GlobalSection(ProjectConfigurationPlatforms) = postSolution
		{7FBB6557-D313-442F-AFD0-212BE96F0F89}.Debug|Any CPU.ActiveCfg = Debug|Any CPU
		{7FBB6557-D313-442F-AFD0-212BE96F0F89}.Debug|Any CPU.Build.0 = Debug|Any CPU
		{7FBB6557-D313-442F-AFD0-212BE96F0F89}.Release|Any CPU.ActiveCfg = Release|Any CPU
		{7FBB6557-D313-442F-AFD0-212BE96F0F89}.Release|Any CPU.Build.0 = Release|Any CPU
	EndGlobalSection
	GlobalSection(SolutionProperties) = preSolution
		HideSolutionNode = FALSE
	EndGlobalSection
	GlobalSection(ExtensibilityGlobals) = postSolution
		SolutionGuid = {65A790D7-52DD-46EE-8E30-D8C28CFEF2B7}
	EndGlobalSection
EndGlobal
